// !$*UTF8*$!
{
	archiveVersion = 1;
	classes = {
	};
	objectVersion = 46;
	objects = {

/* Begin PBXBuildFile section */
		6E0636871B0532B500413CA7 /* CBPeripheral+Konashi.m in Sources */ = {isa = PBXBuildFile; fileRef = 6E06365A1B0532B500413CA7 /* CBPeripheral+Konashi.m */; };
		6E0636881B0532B500413CA7 /* CBService+Konashi.m in Sources */ = {isa = PBXBuildFile; fileRef = 6E06365C1B0532B500413CA7 /* CBService+Konashi.m */; };
		6E0636891B0532B500413CA7 /* CBUUID+Konashi.m in Sources */ = {isa = PBXBuildFile; fileRef = 6E06365E1B0532B500413CA7 /* CBUUID+Konashi.m */; };
		6E06368A1B0532B500413CA7 /* Konashi+ACDrive.m in Sources */ = {isa = PBXBuildFile; fileRef = 6E0636611B0532B500413CA7 /* Konashi+ACDrive.m */; };
		6E06368B1B0532B500413CA7 /* Konashi+ADC.m in Sources */ = {isa = PBXBuildFile; fileRef = 6E0636631B0532B500413CA7 /* Konashi+ADC.m */; };
		6E06368C1B0532B500413CA7 /* Konashi+Grove.m in Sources */ = {isa = PBXBuildFile; fileRef = 6E0636651B0532B500413CA7 /* Konashi+Grove.m */; };
		6E06368D1B0532B500413CA7 /* Konashi+JavaScriptBindings.m in Sources */ = {isa = PBXBuildFile; fileRef = 6E0636671B0532B500413CA7 /* Konashi+JavaScriptBindings.m */; };
		6E06368E1B0532B500413CA7 /* Konashi+UI.m in Sources */ = {isa = PBXBuildFile; fileRef = 6E0636691B0532B500413CA7 /* Konashi+UI.m */; };
		6E06368F1B0532B500413CA7 /* KNSKonashiPeripheralImpl.m in Sources */ = {isa = PBXBuildFile; fileRef = 6E06366F1B0532B500413CA7 /* KNSKonashiPeripheralImpl.m */; };
		6E0636901B0532B500413CA7 /* KNSKoshianPeripheralImpl.m in Sources */ = {isa = PBXBuildFile; fileRef = 6E0636711B0532B500413CA7 /* KNSKoshianPeripheralImpl.m */; };
		6E0636911B0532B500413CA7 /* KNSPeripheralBaseImpl.m in Sources */ = {isa = PBXBuildFile; fileRef = 6E0636731B0532B500413CA7 /* KNSPeripheralBaseImpl.m */; };
		6E0636921B0532B500413CA7 /* KNSHandlerManager.m in Sources */ = {isa = PBXBuildFile; fileRef = 6E0636771B0532B500413CA7 /* KNSHandlerManager.m */; };
		6E0636931B0532B500413CA7 /* KNSPeripheral.m in Sources */ = {isa = PBXBuildFile; fileRef = 6E0636791B0532B500413CA7 /* KNSPeripheral.m */; };
		6E0636941B0532B500413CA7 /* Konashi.m in Sources */ = {isa = PBXBuildFile; fileRef = 6E06367C1B0532B500413CA7 /* Konashi.m */; };
		6E0636951B0532B500413CA7 /* KonashiUtils.m in Sources */ = {isa = PBXBuildFile; fileRef = 6E06367E1B0532B500413CA7 /* KonashiUtils.m */; };
		6E0636961B0532B500413CA7 /* InfoPlist.strings in Resources */ = {isa = PBXBuildFile; fileRef = 6E0636831B0532B500413CA7 /* InfoPlist.strings */; };
		6E0636971B0532B500413CA7 /* KonashiTests-Info.plist in Resources */ = {isa = PBXBuildFile; fileRef = 6E0636851B0532B500413CA7 /* KonashiTests-Info.plist */; };
		6E0636981B0532B500413CA7 /* KonashiTests.m in Sources */ = {isa = PBXBuildFile; fileRef = 6E0636861B0532B500413CA7 /* KonashiTests.m */; };
		6E0636A01B0537A500413CA7 /* monkey_image.png in Resources */ = {isa = PBXBuildFile; fileRef = 6E06369F1B0537A500413CA7 /* monkey_image.png */; };
		6EA974C11B052D69001A9811 /* main.m in Sources */ = {isa = PBXBuildFile; fileRef = 6EA974C01B052D69001A9811 /* main.m */; };
		6EA974C41B052D69001A9811 /* AppDelegate.m in Sources */ = {isa = PBXBuildFile; fileRef = 6EA974C31B052D69001A9811 /* AppDelegate.m */; };
		6EA974C71B052D69001A9811 /* ViewController.m in Sources */ = {isa = PBXBuildFile; fileRef = 6EA974C61B052D69001A9811 /* ViewController.m */; };
		6EA974CA1B052D69001A9811 /* Main.storyboard in Resources */ = {isa = PBXBuildFile; fileRef = 6EA974C81B052D69001A9811 /* Main.storyboard */; };
		6EA974CC1B052D69001A9811 /* Images.xcassets in Resources */ = {isa = PBXBuildFile; fileRef = 6EA974CB1B052D69001A9811 /* Images.xcassets */; };
		6EA974CF1B052D69001A9811 /* LaunchScreen.xib in Resources */ = {isa = PBXBuildFile; fileRef = 6EA974CD1B052D69001A9811 /* LaunchScreen.xib */; };
		6EA974DB1B052D69001A9811 /* HinoMonkeyTests.m in Sources */ = {isa = PBXBuildFile; fileRef = 6EA974DA1B052D69001A9811 /* HinoMonkeyTests.m */; };
		6EA974E51B052E70001A9811 /* logo_256x256.png in Resources */ = {isa = PBXBuildFile; fileRef = 6EA974E41B052E70001A9811 /* logo_256x256.png */; };
		6EA974E71B053016001A9811 /* CoreBluetooth.framework in Frameworks */ = {isa = PBXBuildFile; fileRef = 6EA974E61B053016001A9811 /* CoreBluetooth.framework */; };
		6EB5CE5A1B0584B70053C89D /* btn_off.png in Resources */ = {isa = PBXBuildFile; fileRef = 6EB5CE591B0584B70053C89D /* btn_off.png */; };
		6EB5CE5E1B0584BE0053C89D /* btn_on.png in Resources */ = {isa = PBXBuildFile; fileRef = 6EB5CE5D1B0584BE0053C89D /* btn_on.png */; };
/* End PBXBuildFile section */

/* Begin PBXContainerItemProxy section */
		6E06369B1B0532B500413CA7 /* PBXContainerItemProxy */ = {
			isa = PBXContainerItemProxy;
			containerPortal = 6E06367F1B0532B500413CA7 /* Konashi.xcodeproj */;
			proxyType = 2;
			remoteGlobalIDString = E91E548E19C8F2750071D7C9;
			remoteInfo = Konashi;
		};
		6E06369D1B0532B500413CA7 /* PBXContainerItemProxy */ = {
			isa = PBXContainerItemProxy;
			containerPortal = 6E06367F1B0532B500413CA7 /* Konashi.xcodeproj */;
			proxyType = 2;
			remoteGlobalIDString = E91E549E19C8F2750071D7C9;
			remoteInfo = KonashiTests;
		};
		6EA974D51B052D69001A9811 /* PBXContainerItemProxy */ = {
			isa = PBXContainerItemProxy;
			containerPortal = 6EA974B31B052D69001A9811 /* Project object */;
			proxyType = 1;
			remoteGlobalIDString = 6EA974BA1B052D69001A9811;
			remoteInfo = HinoMonkey;
		};
/* End PBXContainerItemProxy section */

/* Begin PBXFileReference section */
		6E0636591B0532B500413CA7 /* CBPeripheral+Konashi.h */ = {isa = PBXFileReference; fileEncoding = 4; lastKnownFileType = sourcecode.c.h; path = "CBPeripheral+Konashi.h"; sourceTree = "<group>"; };
		6E06365A1B0532B500413CA7 /* CBPeripheral+Konashi.m */ = {isa = PBXFileReference; fileEncoding = 4; lastKnownFileType = sourcecode.c.objc; path = "CBPeripheral+Konashi.m"; sourceTree = "<group>"; };
		6E06365B1B0532B500413CA7 /* CBService+Konashi.h */ = {isa = PBXFileReference; fileEncoding = 4; lastKnownFileType = sourcecode.c.h; path = "CBService+Konashi.h"; sourceTree = "<group>"; };
		6E06365C1B0532B500413CA7 /* CBService+Konashi.m */ = {isa = PBXFileReference; fileEncoding = 4; lastKnownFileType = sourcecode.c.objc; path = "CBService+Konashi.m"; sourceTree = "<group>"; };
		6E06365D1B0532B500413CA7 /* CBUUID+Konashi.h */ = {isa = PBXFileReference; fileEncoding = 4; lastKnownFileType = sourcecode.c.h; path = "CBUUID+Konashi.h"; sourceTree = "<group>"; };
		6E06365E1B0532B500413CA7 /* CBUUID+Konashi.m */ = {isa = PBXFileReference; fileEncoding = 4; lastKnownFileType = sourcecode.c.objc; path = "CBUUID+Konashi.m"; sourceTree = "<group>"; };
		6E0636601B0532B500413CA7 /* Konashi+ACDrive.h */ = {isa = PBXFileReference; fileEncoding = 4; lastKnownFileType = sourcecode.c.h; path = "Konashi+ACDrive.h"; sourceTree = "<group>"; };
		6E0636611B0532B500413CA7 /* Konashi+ACDrive.m */ = {isa = PBXFileReference; fileEncoding = 4; lastKnownFileType = sourcecode.c.objc; path = "Konashi+ACDrive.m"; sourceTree = "<group>"; };
		6E0636621B0532B500413CA7 /* Konashi+ADC.h */ = {isa = PBXFileReference; fileEncoding = 4; lastKnownFileType = sourcecode.c.h; path = "Konashi+ADC.h"; sourceTree = "<group>"; };
		6E0636631B0532B500413CA7 /* Konashi+ADC.m */ = {isa = PBXFileReference; fileEncoding = 4; lastKnownFileType = sourcecode.c.objc; path = "Konashi+ADC.m"; sourceTree = "<group>"; };
		6E0636641B0532B500413CA7 /* Konashi+Grove.h */ = {isa = PBXFileReference; fileEncoding = 4; lastKnownFileType = sourcecode.c.h; path = "Konashi+Grove.h"; sourceTree = "<group>"; };
		6E0636651B0532B500413CA7 /* Konashi+Grove.m */ = {isa = PBXFileReference; fileEncoding = 4; lastKnownFileType = sourcecode.c.objc; path = "Konashi+Grove.m"; sourceTree = "<group>"; };
		6E0636661B0532B500413CA7 /* Konashi+JavaScriptBindings.h */ = {isa = PBXFileReference; fileEncoding = 4; lastKnownFileType = sourcecode.c.h; path = "Konashi+JavaScriptBindings.h"; sourceTree = "<group>"; };
		6E0636671B0532B500413CA7 /* Konashi+JavaScriptBindings.m */ = {isa = PBXFileReference; fileEncoding = 4; lastKnownFileType = sourcecode.c.objc; path = "Konashi+JavaScriptBindings.m"; sourceTree = "<group>"; };
		6E0636681B0532B500413CA7 /* Konashi+UI.h */ = {isa = PBXFileReference; fileEncoding = 4; lastKnownFileType = sourcecode.c.h; path = "Konashi+UI.h"; sourceTree = "<group>"; };
		6E0636691B0532B500413CA7 /* Konashi+UI.m */ = {isa = PBXFileReference; fileEncoding = 4; lastKnownFileType = sourcecode.c.objc; path = "Konashi+UI.m"; sourceTree = "<group>"; };
		6E06366A1B0532B500413CA7 /* KonashiJavaScriptBindingsProtocol.h */ = {isa = PBXFileReference; fileEncoding = 4; lastKnownFileType = sourcecode.c.h; path = KonashiJavaScriptBindingsProtocol.h; sourceTree = "<group>"; };
		6E06366C1B0532B500413CA7 /* KonashiConstant.h */ = {isa = PBXFileReference; fileEncoding = 4; lastKnownFileType = sourcecode.c.h; path = KonashiConstant.h; sourceTree = "<group>"; };
		6E06366E1B0532B500413CA7 /* KNSKonashiPeripheralImpl.h */ = {isa = PBXFileReference; fileEncoding = 4; lastKnownFileType = sourcecode.c.h; path = KNSKonashiPeripheralImpl.h; sourceTree = "<group>"; };
		6E06366F1B0532B500413CA7 /* KNSKonashiPeripheralImpl.m */ = {isa = PBXFileReference; fileEncoding = 4; lastKnownFileType = sourcecode.c.objc; path = KNSKonashiPeripheralImpl.m; sourceTree = "<group>"; };
		6E0636701B0532B500413CA7 /* KNSKoshianPeripheralImpl.h */ = {isa = PBXFileReference; fileEncoding = 4; lastKnownFileType = sourcecode.c.h; path = KNSKoshianPeripheralImpl.h; sourceTree = "<group>"; };
		6E0636711B0532B500413CA7 /* KNSKoshianPeripheralImpl.m */ = {isa = PBXFileReference; fileEncoding = 4; lastKnownFileType = sourcecode.c.objc; path = KNSKoshianPeripheralImpl.m; sourceTree = "<group>"; };
		6E0636721B0532B500413CA7 /* KNSPeripheralBaseImpl.h */ = {isa = PBXFileReference; fileEncoding = 4; lastKnownFileType = sourcecode.c.h; path = KNSPeripheralBaseImpl.h; sourceTree = "<group>"; };
		6E0636731B0532B500413CA7 /* KNSPeripheralBaseImpl.m */ = {isa = PBXFileReference; fileEncoding = 4; lastKnownFileType = sourcecode.c.objc; path = KNSPeripheralBaseImpl.m; sourceTree = "<group>"; };
		6E0636741B0532B500413CA7 /* KNSPeripheralImplProtocol.h */ = {isa = PBXFileReference; fileEncoding = 4; lastKnownFileType = sourcecode.c.h; path = KNSPeripheralImplProtocol.h; sourceTree = "<group>"; };
		6E0636751B0532B500413CA7 /* KNSPeripheralImpls.h */ = {isa = PBXFileReference; fileEncoding = 4; lastKnownFileType = sourcecode.c.h; path = KNSPeripheralImpls.h; sourceTree = "<group>"; };
		6E0636761B0532B500413CA7 /* KNSHandlerManager.h */ = {isa = PBXFileReference; fileEncoding = 4; lastKnownFileType = sourcecode.c.h; path = KNSHandlerManager.h; sourceTree = "<group>"; };
		6E0636771B0532B500413CA7 /* KNSHandlerManager.m */ = {isa = PBXFileReference; fileEncoding = 4; lastKnownFileType = sourcecode.c.objc; path = KNSHandlerManager.m; sourceTree = "<group>"; };
		6E0636781B0532B500413CA7 /* KNSPeripheral.h */ = {isa = PBXFileReference; fileEncoding = 4; lastKnownFileType = sourcecode.c.h; path = KNSPeripheral.h; sourceTree = "<group>"; };
		6E0636791B0532B500413CA7 /* KNSPeripheral.m */ = {isa = PBXFileReference; fileEncoding = 4; lastKnownFileType = sourcecode.c.objc; path = KNSPeripheral.m; sourceTree = "<group>"; };
		6E06367A1B0532B500413CA7 /* Konashi-Prefix.pch */ = {isa = PBXFileReference; fileEncoding = 4; lastKnownFileType = sourcecode.c.h; path = "Konashi-Prefix.pch"; sourceTree = "<group>"; };
		6E06367B1B0532B500413CA7 /* Konashi.h */ = {isa = PBXFileReference; fileEncoding = 4; lastKnownFileType = sourcecode.c.h; path = Konashi.h; sourceTree = "<group>"; };
		6E06367C1B0532B500413CA7 /* Konashi.m */ = {isa = PBXFileReference; fileEncoding = 4; lastKnownFileType = sourcecode.c.objc; path = Konashi.m; sourceTree = "<group>"; };
		6E06367D1B0532B500413CA7 /* KonashiUtils.h */ = {isa = PBXFileReference; fileEncoding = 4; lastKnownFileType = sourcecode.c.h; path = KonashiUtils.h; sourceTree = "<group>"; };
		6E06367E1B0532B500413CA7 /* KonashiUtils.m */ = {isa = PBXFileReference; fileEncoding = 4; lastKnownFileType = sourcecode.c.objc; path = KonashiUtils.m; sourceTree = "<group>"; };
		6E06367F1B0532B500413CA7 /* Konashi.xcodeproj */ = {isa = PBXFileReference; lastKnownFileType = "wrapper.pb-project"; path = Konashi.xcodeproj; sourceTree = "<group>"; };
		6E0636841B0532B500413CA7 /* en */ = {isa = PBXFileReference; lastKnownFileType = text.plist.strings; name = en; path = en.lproj/InfoPlist.strings; sourceTree = "<group>"; };
		6E0636851B0532B500413CA7 /* KonashiTests-Info.plist */ = {isa = PBXFileReference; fileEncoding = 4; lastKnownFileType = text.plist.xml; path = "KonashiTests-Info.plist"; sourceTree = "<group>"; };
		6E0636861B0532B500413CA7 /* KonashiTests.m */ = {isa = PBXFileReference; fileEncoding = 4; lastKnownFileType = sourcecode.c.objc; path = KonashiTests.m; sourceTree = "<group>"; };
		6E06369F1B0537A500413CA7 /* monkey_image.png */ = {isa = PBXFileReference; lastKnownFileType = image.png; path = monkey_image.png; sourceTree = "<group>"; };
		6EA974BB1B052D69001A9811 /* HinoMonkey.app */ = {isa = PBXFileReference; explicitFileType = wrapper.application; includeInIndex = 0; path = HinoMonkey.app; sourceTree = BUILT_PRODUCTS_DIR; };
		6EA974BF1B052D69001A9811 /* Info.plist */ = {isa = PBXFileReference; lastKnownFileType = text.plist.xml; path = Info.plist; sourceTree = "<group>"; };
		6EA974C01B052D69001A9811 /* main.m */ = {isa = PBXFileReference; lastKnownFileType = sourcecode.c.objc; path = main.m; sourceTree = "<group>"; };
		6EA974C21B052D69001A9811 /* AppDelegate.h */ = {isa = PBXFileReference; lastKnownFileType = sourcecode.c.h; path = AppDelegate.h; sourceTree = "<group>"; };
		6EA974C31B052D69001A9811 /* AppDelegate.m */ = {isa = PBXFileReference; lastKnownFileType = sourcecode.c.objc; path = AppDelegate.m; sourceTree = "<group>"; };
		6EA974C51B052D69001A9811 /* ViewController.h */ = {isa = PBXFileReference; lastKnownFileType = sourcecode.c.h; path = ViewController.h; sourceTree = "<group>"; };
		6EA974C61B052D69001A9811 /* ViewController.m */ = {isa = PBXFileReference; lastKnownFileType = sourcecode.c.objc; path = ViewController.m; sourceTree = "<group>"; };
		6EA974C91B052D69001A9811 /* Base */ = {isa = PBXFileReference; lastKnownFileType = file.storyboard; name = Base; path = Base.lproj/Main.storyboard; sourceTree = "<group>"; };
		6EA974CB1B052D69001A9811 /* Images.xcassets */ = {isa = PBXFileReference; lastKnownFileType = folder.assetcatalog; path = Images.xcassets; sourceTree = "<group>"; };
		6EA974CE1B052D69001A9811 /* Base */ = {isa = PBXFileReference; lastKnownFileType = file.xib; name = Base; path = Base.lproj/LaunchScreen.xib; sourceTree = "<group>"; };
		6EA974D41B052D69001A9811 /* HinoMonkeyTests.xctest */ = {isa = PBXFileReference; explicitFileType = wrapper.cfbundle; includeInIndex = 0; path = HinoMonkeyTests.xctest; sourceTree = BUILT_PRODUCTS_DIR; };
		6EA974D91B052D69001A9811 /* Info.plist */ = {isa = PBXFileReference; lastKnownFileType = text.plist.xml; path = Info.plist; sourceTree = "<group>"; };
		6EA974DA1B052D69001A9811 /* HinoMonkeyTests.m */ = {isa = PBXFileReference; lastKnownFileType = sourcecode.c.objc; path = HinoMonkeyTests.m; sourceTree = "<group>"; };
		6EA974E41B052E70001A9811 /* logo_256x256.png */ = {isa = PBXFileReference; lastKnownFileType = image.png; path = logo_256x256.png; sourceTree = "<group>"; };
		6EA974E61B053016001A9811 /* CoreBluetooth.framework */ = {isa = PBXFileReference; lastKnownFileType = wrapper.framework; name = CoreBluetooth.framework; path = System/Library/Frameworks/CoreBluetooth.framework; sourceTree = SDKROOT; };
		6EB5CE591B0584B70053C89D /* btn_off.png */ = {isa = PBXFileReference; lastKnownFileType = image.png; path = btn_off.png; sourceTree = "<group>"; };
		6EB5CE5D1B0584BE0053C89D /* btn_on.png */ = {isa = PBXFileReference; lastKnownFileType = image.png; path = btn_on.png; sourceTree = "<group>"; };
/* End PBXFileReference section */

/* Begin PBXFrameworksBuildPhase section */
		6EA974B81B052D69001A9811 /* Frameworks */ = {
			isa = PBXFrameworksBuildPhase;
			buildActionMask = 2147483647;
			files = (
				6EA974E71B053016001A9811 /* CoreBluetooth.framework in Frameworks */,
			);
			runOnlyForDeploymentPostprocessing = 0;
		};
		6EA974D11B052D69001A9811 /* Frameworks */ = {
			isa = PBXFrameworksBuildPhase;
			buildActionMask = 2147483647;
			files = (
			);
			runOnlyForDeploymentPostprocessing = 0;
		};
/* End PBXFrameworksBuildPhase section */

/* Begin PBXGroup section */
		6E0636551B0532B500413CA7 /* Konashi */ = {
			isa = PBXGroup;
			children = (
				6E0636561B0532B500413CA7 /* Konashi */,
				6E06367F1B0532B500413CA7 /* Konashi.xcodeproj */,
				6E0636821B0532B500413CA7 /* KonashiTests */,
			);
			path = Konashi;
			sourceTree = "<group>";
		};
		6E0636561B0532B500413CA7 /* Konashi */ = {
			isa = PBXGroup;
			children = (
				6E0636571B0532B500413CA7 /* Category */,
				6E06366B1B0532B500413CA7 /* Constant */,
				6E06366D1B0532B500413CA7 /* Impl */,
				6E0636761B0532B500413CA7 /* KNSHandlerManager.h */,
				6E0636771B0532B500413CA7 /* KNSHandlerManager.m */,
				6E0636781B0532B500413CA7 /* KNSPeripheral.h */,
				6E0636791B0532B500413CA7 /* KNSPeripheral.m */,
				6E06367A1B0532B500413CA7 /* Konashi-Prefix.pch */,
				6E06367B1B0532B500413CA7 /* Konashi.h */,
				6E06367C1B0532B500413CA7 /* Konashi.m */,
				6E06367D1B0532B500413CA7 /* KonashiUtils.h */,
				6E06367E1B0532B500413CA7 /* KonashiUtils.m */,
			);
			path = Konashi;
			sourceTree = "<group>";
		};
		6E0636571B0532B500413CA7 /* Category */ = {
			isa = PBXGroup;
			children = (
				6E0636581B0532B500413CA7 /* CoreBluetooth */,
				6E06365F1B0532B500413CA7 /* Konashi */,
			);
			path = Category;
			sourceTree = "<group>";
		};
		6E0636581B0532B500413CA7 /* CoreBluetooth */ = {
			isa = PBXGroup;
			children = (
				6E0636591B0532B500413CA7 /* CBPeripheral+Konashi.h */,
				6E06365A1B0532B500413CA7 /* CBPeripheral+Konashi.m */,
				6E06365B1B0532B500413CA7 /* CBService+Konashi.h */,
				6E06365C1B0532B500413CA7 /* CBService+Konashi.m */,
				6E06365D1B0532B500413CA7 /* CBUUID+Konashi.h */,
				6E06365E1B0532B500413CA7 /* CBUUID+Konashi.m */,
			);
			path = CoreBluetooth;
			sourceTree = "<group>";
		};
		6E06365F1B0532B500413CA7 /* Konashi */ = {
			isa = PBXGroup;
			children = (
				6E0636601B0532B500413CA7 /* Konashi+ACDrive.h */,
				6E0636611B0532B500413CA7 /* Konashi+ACDrive.m */,
				6E0636621B0532B500413CA7 /* Konashi+ADC.h */,
				6E0636631B0532B500413CA7 /* Konashi+ADC.m */,
				6E0636641B0532B500413CA7 /* Konashi+Grove.h */,
				6E0636651B0532B500413CA7 /* Konashi+Grove.m */,
				6E0636661B0532B500413CA7 /* Konashi+JavaScriptBindings.h */,
				6E0636671B0532B500413CA7 /* Konashi+JavaScriptBindings.m */,
				6E0636681B0532B500413CA7 /* Konashi+UI.h */,
				6E0636691B0532B500413CA7 /* Konashi+UI.m */,
				6E06366A1B0532B500413CA7 /* KonashiJavaScriptBindingsProtocol.h */,
			);
			path = Konashi;
			sourceTree = "<group>";
		};
		6E06366B1B0532B500413CA7 /* Constant */ = {
			isa = PBXGroup;
			children = (
				6E06366C1B0532B500413CA7 /* KonashiConstant.h */,
			);
			path = Constant;
			sourceTree = "<group>";
		};
		6E06366D1B0532B500413CA7 /* Impl */ = {
			isa = PBXGroup;
			children = (
				6E06366E1B0532B500413CA7 /* KNSKonashiPeripheralImpl.h */,
				6E06366F1B0532B500413CA7 /* KNSKonashiPeripheralImpl.m */,
				6E0636701B0532B500413CA7 /* KNSKoshianPeripheralImpl.h */,
				6E0636711B0532B500413CA7 /* KNSKoshianPeripheralImpl.m */,
				6E0636721B0532B500413CA7 /* KNSPeripheralBaseImpl.h */,
				6E0636731B0532B500413CA7 /* KNSPeripheralBaseImpl.m */,
				6E0636741B0532B500413CA7 /* KNSPeripheralImplProtocol.h */,
				6E0636751B0532B500413CA7 /* KNSPeripheralImpls.h */,
			);
			path = Impl;
			sourceTree = "<group>";
		};
		6E0636801B0532B500413CA7 /* Products */ = {
			isa = PBXGroup;
			children = (
				6E06369C1B0532B500413CA7 /* libKonashi.a */,
				6E06369E1B0532B500413CA7 /* KonashiTests.xctest */,
			);
			name = Products;
			sourceTree = "<group>";
		};
		6E0636821B0532B500413CA7 /* KonashiTests */ = {
			isa = PBXGroup;
			children = (
				6E0636831B0532B500413CA7 /* InfoPlist.strings */,
				6E0636851B0532B500413CA7 /* KonashiTests-Info.plist */,
				6E0636861B0532B500413CA7 /* KonashiTests.m */,
			);
			path = KonashiTests;
			sourceTree = "<group>";
		};
		6EA974B21B052D69001A9811 = {
			isa = PBXGroup;
			children = (
				6E0636551B0532B500413CA7 /* Konashi */,
				6EA974E61B053016001A9811 /* CoreBluetooth.framework */,
				6EA974BD1B052D69001A9811 /* HinoMonkey */,
				6EA974D71B052D69001A9811 /* HinoMonkeyTests */,
				6EA974BC1B052D69001A9811 /* Products */,
			);
			sourceTree = "<group>";
		};
		6EA974BC1B052D69001A9811 /* Products */ = {
			isa = PBXGroup;
			children = (
				6EA974BB1B052D69001A9811 /* HinoMonkey.app */,
				6EA974D41B052D69001A9811 /* HinoMonkeyTests.xctest */,
			);
			name = Products;
			sourceTree = "<group>";
		};
		6EA974BD1B052D69001A9811 /* HinoMonkey */ = {
			isa = PBXGroup;
			children = (
				6EB5CE5D1B0584BE0053C89D /* btn_on.png */,
				6EB5CE591B0584B70053C89D /* btn_off.png */,
				6E06369F1B0537A500413CA7 /* monkey_image.png */,
				6EA974E41B052E70001A9811 /* logo_256x256.png */,
				6EA974C21B052D69001A9811 /* AppDelegate.h */,
				6EA974C31B052D69001A9811 /* AppDelegate.m */,
				6EA974C51B052D69001A9811 /* ViewController.h */,
				6EA974C61B052D69001A9811 /* ViewController.m */,
				6EA974C81B052D69001A9811 /* Main.storyboard */,
				6EA974CB1B052D69001A9811 /* Images.xcassets */,
				6EA974CD1B052D69001A9811 /* LaunchScreen.xib */,
				6EA974BE1B052D69001A9811 /* Supporting Files */,
			);
			path = HinoMonkey;
			sourceTree = "<group>";
		};
		6EA974BE1B052D69001A9811 /* Supporting Files */ = {
			isa = PBXGroup;
			children = (
				6EA974BF1B052D69001A9811 /* Info.plist */,
				6EA974C01B052D69001A9811 /* main.m */,
			);
			name = "Supporting Files";
			sourceTree = "<group>";
		};
		6EA974D71B052D69001A9811 /* HinoMonkeyTests */ = {
			isa = PBXGroup;
			children = (
				6EA974DA1B052D69001A9811 /* HinoMonkeyTests.m */,
				6EA974D81B052D69001A9811 /* Supporting Files */,
			);
			path = HinoMonkeyTests;
			sourceTree = "<group>";
		};
		6EA974D81B052D69001A9811 /* Supporting Files */ = {
			isa = PBXGroup;
			children = (
				6EA974D91B052D69001A9811 /* Info.plist */,
			);
			name = "Supporting Files";
			sourceTree = "<group>";
		};
/* End PBXGroup section */

/* Begin PBXNativeTarget section */
		6EA974BA1B052D69001A9811 /* HinoMonkey */ = {
			isa = PBXNativeTarget;
			buildConfigurationList = 6EA974DE1B052D69001A9811 /* Build configuration list for PBXNativeTarget "HinoMonkey" */;
			buildPhases = (
				6EA974B71B052D69001A9811 /* Sources */,
				6EA974B81B052D69001A9811 /* Frameworks */,
				6EA974B91B052D69001A9811 /* Resources */,
			);
			buildRules = (
			);
			dependencies = (
			);
			name = HinoMonkey;
			productName = HinoMonkey;
			productReference = 6EA974BB1B052D69001A9811 /* HinoMonkey.app */;
			productType = "com.apple.product-type.application";
		};
		6EA974D31B052D69001A9811 /* HinoMonkeyTests */ = {
			isa = PBXNativeTarget;
			buildConfigurationList = 6EA974E11B052D69001A9811 /* Build configuration list for PBXNativeTarget "HinoMonkeyTests" */;
			buildPhases = (
				6EA974D01B052D69001A9811 /* Sources */,
				6EA974D11B052D69001A9811 /* Frameworks */,
				6EA974D21B052D69001A9811 /* Resources */,
			);
			buildRules = (
			);
			dependencies = (
				6EA974D61B052D69001A9811 /* PBXTargetDependency */,
			);
			name = HinoMonkeyTests;
			productName = HinoMonkeyTests;
			productReference = 6EA974D41B052D69001A9811 /* HinoMonkeyTests.xctest */;
			productType = "com.apple.product-type.bundle.unit-test";
		};
/* End PBXNativeTarget section */

/* Begin PBXProject section */
		6EA974B31B052D69001A9811 /* Project object */ = {
			isa = PBXProject;
			attributes = {
				LastUpgradeCheck = 0630;
				ORGANIZATIONNAME = yanoshin;
				TargetAttributes = {
					6EA974BA1B052D69001A9811 = {
						CreatedOnToolsVersion = 6.3.1;
					};
					6EA974D31B052D69001A9811 = {
						CreatedOnToolsVersion = 6.3.1;
						TestTargetID = 6EA974BA1B052D69001A9811;
					};
				};
			};
			buildConfigurationList = 6EA974B61B052D69001A9811 /* Build configuration list for PBXProject "HinoMonkey" */;
			compatibilityVersion = "Xcode 3.2";
			developmentRegion = English;
			hasScannedForEncodings = 0;
			knownRegions = (
				en,
				Base,
			);
			mainGroup = 6EA974B21B052D69001A9811;
			productRefGroup = 6EA974BC1B052D69001A9811 /* Products */;
			projectDirPath = "";
			projectReferences = (
				{
					ProductGroup = 6E0636801B0532B500413CA7 /* Products */;
					ProjectRef = 6E06367F1B0532B500413CA7 /* Konashi.xcodeproj */;
				},
			);
			projectRoot = "";
			targets = (
				6EA974BA1B052D69001A9811 /* HinoMonkey */,
				6EA974D31B052D69001A9811 /* HinoMonkeyTests */,
			);
		};
/* End PBXProject section */

/* Begin PBXReferenceProxy section */
		6E06369C1B0532B500413CA7 /* libKonashi.a */ = {
			isa = PBXReferenceProxy;
			fileType = archive.ar;
			path = libKonashi.a;
			remoteRef = 6E06369B1B0532B500413CA7 /* PBXContainerItemProxy */;
			sourceTree = BUILT_PRODUCTS_DIR;
		};
		6E06369E1B0532B500413CA7 /* KonashiTests.xctest */ = {
			isa = PBXReferenceProxy;
			fileType = wrapper.cfbundle;
			path = KonashiTests.xctest;
			remoteRef = 6E06369D1B0532B500413CA7 /* PBXContainerItemProxy */;
			sourceTree = BUILT_PRODUCTS_DIR;
		};
/* End PBXReferenceProxy section */

/* Begin PBXResourcesBuildPhase section */
		6EA974B91B052D69001A9811 /* Resources */ = {
			isa = PBXResourcesBuildPhase;
			buildActionMask = 2147483647;
			files = (
				6EB5CE5E1B0584BE0053C89D /* btn_on.png in Resources */,
				6EA974CA1B052D69001A9811 /* Main.storyboard in Resources */,
				6EA974E51B052E70001A9811 /* logo_256x256.png in Resources */,
				6EA974CF1B052D69001A9811 /* LaunchScreen.xib in Resources */,
				6EA974CC1B052D69001A9811 /* Images.xcassets in Resources */,
				6EB5CE5A1B0584B70053C89D /* btn_off.png in Resources */,
				6E0636A01B0537A500413CA7 /* monkey_image.png in Resources */,
				6E0636971B0532B500413CA7 /* KonashiTests-Info.plist in Resources */,
				6E0636961B0532B500413CA7 /* InfoPlist.strings in Resources */,
			);
			runOnlyForDeploymentPostprocessing = 0;
		};
		6EA974D21B052D69001A9811 /* Resources */ = {
			isa = PBXResourcesBuildPhase;
			buildActionMask = 2147483647;
			files = (
			);
			runOnlyForDeploymentPostprocessing = 0;
		};
/* End PBXResourcesBuildPhase section */

/* Begin PBXSourcesBuildPhase section */
		6EA974B71B052D69001A9811 /* Sources */ = {
			isa = PBXSourcesBuildPhase;
			buildActionMask = 2147483647;
			files = (
				6E06368B1B0532B500413CA7 /* Konashi+ADC.m in Sources */,
				6EA974C71B052D69001A9811 /* ViewController.m in Sources */,
				6E0636931B0532B500413CA7 /* KNSPeripheral.m in Sources */,
				6E06368E1B0532B500413CA7 /* Konashi+UI.m in Sources */,
				6E0636921B0532B500413CA7 /* KNSHandlerManager.m in Sources */,
				6E06368D1B0532B500413CA7 /* Konashi+JavaScriptBindings.m in Sources */,
				6E06368F1B0532B500413CA7 /* KNSKonashiPeripheralImpl.m in Sources */,
				6E0636951B0532B500413CA7 /* KonashiUtils.m in Sources */,
				6E0636911B0532B500413CA7 /* KNSPeripheralBaseImpl.m in Sources */,
				6EA974C41B052D69001A9811 /* AppDelegate.m in Sources */,
				6E0636871B0532B500413CA7 /* CBPeripheral+Konashi.m in Sources */,
				6E0636941B0532B500413CA7 /* Konashi.m in Sources */,
				6E06368A1B0532B500413CA7 /* Konashi+ACDrive.m in Sources */,
				6E0636881B0532B500413CA7 /* CBService+Konashi.m in Sources */,
				6E06368C1B0532B500413CA7 /* Konashi+Grove.m in Sources */,
				6E0636981B0532B500413CA7 /* KonashiTests.m in Sources */,
				6EA974C11B052D69001A9811 /* main.m in Sources */,
				6E0636901B0532B500413CA7 /* KNSKoshianPeripheralImpl.m in Sources */,
				6E0636891B0532B500413CA7 /* CBUUID+Konashi.m in Sources */,
			);
			runOnlyForDeploymentPostprocessing = 0;
		};
		6EA974D01B052D69001A9811 /* Sources */ = {
			isa = PBXSourcesBuildPhase;
			buildActionMask = 2147483647;
			files = (
				6EA974DB1B052D69001A9811 /* HinoMonkeyTests.m in Sources */,
			);
			runOnlyForDeploymentPostprocessing = 0;
		};
/* End PBXSourcesBuildPhase section */

/* Begin PBXTargetDependency section */
		6EA974D61B052D69001A9811 /* PBXTargetDependency */ = {
			isa = PBXTargetDependency;
			target = 6EA974BA1B052D69001A9811 /* HinoMonkey */;
			targetProxy = 6EA974D51B052D69001A9811 /* PBXContainerItemProxy */;
		};
/* End PBXTargetDependency section */

/* Begin PBXVariantGroup section */
		6E0636831B0532B500413CA7 /* InfoPlist.strings */ = {
			isa = PBXVariantGroup;
			children = (
				6E0636841B0532B500413CA7 /* en */,
			);
			name = InfoPlist.strings;
			sourceTree = "<group>";
		};
		6EA974C81B052D69001A9811 /* Main.storyboard */ = {
			isa = PBXVariantGroup;
			children = (
				6EA974C91B052D69001A9811 /* Base */,
			);
			name = Main.storyboard;
			sourceTree = "<group>";
		};
		6EA974CD1B052D69001A9811 /* LaunchScreen.xib */ = {
			isa = PBXVariantGroup;
			children = (
				6EA974CE1B052D69001A9811 /* Base */,
			);
			name = LaunchScreen.xib;
			sourceTree = "<group>";
		};
/* End PBXVariantGroup section */

/* Begin XCBuildConfiguration section */
		6EA974DC1B052D69001A9811 /* Debug */ = {
			isa = XCBuildConfiguration;
			buildSettings = {
				ALWAYS_SEARCH_USER_PATHS = NO;
				CLANG_CXX_LANGUAGE_STANDARD = "gnu++0x";
				CLANG_CXX_LIBRARY = "libc++";
				CLANG_ENABLE_MODULES = YES;
				CLANG_ENABLE_OBJC_ARC = YES;
				CLANG_WARN_BOOL_CONVERSION = YES;
				CLANG_WARN_CONSTANT_CONVERSION = YES;
				CLANG_WARN_DIRECT_OBJC_ISA_USAGE = YES_ERROR;
				CLANG_WARN_EMPTY_BODY = YES;
				CLANG_WARN_ENUM_CONVERSION = YES;
				CLANG_WARN_INT_CONVERSION = YES;
				CLANG_WARN_OBJC_ROOT_CLASS = YES_ERROR;
				CLANG_WARN_UNREACHABLE_CODE = YES;
				CLANG_WARN__DUPLICATE_METHOD_MATCH = YES;
				"CODE_SIGN_IDENTITY[sdk=iphoneos*]" = "iPhone Developer";
				COPY_PHASE_STRIP = NO;
				DEBUG_INFORMATION_FORMAT = "dwarf-with-dsym";
				ENABLE_STRICT_OBJC_MSGSEND = YES;
				GCC_C_LANGUAGE_STANDARD = gnu99;
				GCC_DYNAMIC_NO_PIC = NO;
				GCC_NO_COMMON_BLOCKS = YES;
				GCC_OPTIMIZATION_LEVEL = 0;
				GCC_PREPROCESSOR_DEFINITIONS = (
					"DEBUG=1",
					"$(inherited)",
				);
				GCC_SYMBOLS_PRIVATE_EXTERN = NO;
				GCC_WARN_64_TO_32_BIT_CONVERSION = YES;
				GCC_WARN_ABOUT_RETURN_TYPE = YES_ERROR;
				GCC_WARN_UNDECLARED_SELECTOR = YES;
				GCC_WARN_UNINITIALIZED_AUTOS = YES_AGGRESSIVE;
				GCC_WARN_UNUSED_FUNCTION = YES;
				GCC_WARN_UNUSED_VARIABLE = YES;
				IPHONEOS_DEPLOYMENT_TARGET = 8.3;
				MTL_ENABLE_DEBUG_INFO = YES;
				ONLY_ACTIVE_ARCH = YES;
				SDKROOT = iphoneos;
			};
			name = Debug;
		};
		6EA974DD1B052D69001A9811 /* Release */ = {
			isa = XCBuildConfiguration;
			buildSettings = {
				ALWAYS_SEARCH_USER_PATHS = NO;
				CLANG_CXX_LANGUAGE_STANDARD = "gnu++0x";
				CLANG_CXX_LIBRARY = "libc++";
				CLANG_ENABLE_MODULES = YES;
				CLANG_ENABLE_OBJC_ARC = YES;
				CLANG_WARN_BOOL_CONVERSION = YES;
				CLANG_WARN_CONSTANT_CONVERSION = YES;
				CLANG_WARN_DIRECT_OBJC_ISA_USAGE = YES_ERROR;
				CLANG_WARN_EMPTY_BODY = YES;
				CLANG_WARN_ENUM_CONVERSION = YES;
				CLANG_WARN_INT_CONVERSION = YES;
				CLANG_WARN_OBJC_ROOT_CLASS = YES_ERROR;
				CLANG_WARN_UNREACHABLE_CODE = YES;
				CLANG_WARN__DUPLICATE_METHOD_MATCH = YES;
				"CODE_SIGN_IDENTITY[sdk=iphoneos*]" = "iPhone Developer";
				COPY_PHASE_STRIP = NO;
				DEBUG_INFORMATION_FORMAT = "dwarf-with-dsym";
				ENABLE_NS_ASSERTIONS = NO;
				ENABLE_STRICT_OBJC_MSGSEND = YES;
				GCC_C_LANGUAGE_STANDARD = gnu99;
				GCC_NO_COMMON_BLOCKS = YES;
				GCC_WARN_64_TO_32_BIT_CONVERSION = YES;
				GCC_WARN_ABOUT_RETURN_TYPE = YES_ERROR;
				GCC_WARN_UNDECLARED_SELECTOR = YES;
				GCC_WARN_UNINITIALIZED_AUTOS = YES_AGGRESSIVE;
				GCC_WARN_UNUSED_FUNCTION = YES;
				GCC_WARN_UNUSED_VARIABLE = YES;
				IPHONEOS_DEPLOYMENT_TARGET = 8.3;
				MTL_ENABLE_DEBUG_INFO = NO;
				SDKROOT = iphoneos;
				VALIDATE_PRODUCT = YES;
			};
			name = Release;
		};
		6EA974DF1B052D69001A9811 /* Debug */ = {
			isa = XCBuildConfiguration;
			buildSettings = {
				ASSETCATALOG_COMPILER_APPICON_NAME = AppIcon;
				INFOPLIST_FILE = HinoMonkey/Info.plist;
				LD_RUNPATH_SEARCH_PATHS = "$(inherited) @executable_path/Frameworks";
				PRODUCT_NAME = "$(TARGET_NAME)";
			};
			name = Debug;
		};
		6EA974E01B052D69001A9811 /* Release */ = {
			isa = XCBuildConfiguration;
			buildSettings = {
				ASSETCATALOG_COMPILER_APPICON_NAME = AppIcon;
				INFOPLIST_FILE = HinoMonkey/Info.plist;
				LD_RUNPATH_SEARCH_PATHS = "$(inherited) @executable_path/Frameworks";
				PRODUCT_NAME = "$(TARGET_NAME)";
			};
			name = Release;
		};
		6EA974E21B052D69001A9811 /* Debug */ = {
			isa = XCBuildConfiguration;
			buildSettings = {
				BUNDLE_LOADER = "$(TEST_HOST)";
				FRAMEWORK_SEARCH_PATHS = (
					"$(SDKROOT)/Developer/Library/Frameworks",
					"$(inherited)",
				);
				GCC_PREPROCESSOR_DEFINITIONS = (
					"DEBUG=1",
					"$(inherited)",
				);
				INFOPLIST_FILE = HinoMonkeyTests/Info.plist;
				LD_RUNPATH_SEARCH_PATHS = "$(inherited) @executable_path/Frameworks @loader_path/Frameworks";
				PRODUCT_NAME = "$(TARGET_NAME)";
				TEST_HOST = "$(BUILT_PRODUCTS_DIR)/HinoMonkey.app/HinoMonkey";
			};
			name = Debug;
		};
		6EA974E31B052D69001A9811 /* Release */ = {
			isa = XCBuildConfiguration;
			buildSettings = {
				BUNDLE_LOADER = "$(TEST_HOST)";
				FRAMEWORK_SEARCH_PATHS = (
					"$(SDKROOT)/Developer/Library/Frameworks",
					"$(inherited)",
				);
				INFOPLIST_FILE = HinoMonkeyTests/Info.plist;
				LD_RUNPATH_SEARCH_PATHS = "$(inherited) @executable_path/Frameworks @loader_path/Frameworks";
				PRODUCT_NAME = "$(TARGET_NAME)";
				TEST_HOST = "$(BUILT_PRODUCTS_DIR)/HinoMonkey.app/HinoMonkey";
			};
			name = Release;
		};
/* End XCBuildConfiguration section */

/* Begin XCConfigurationList section */
		6EA974B61B052D69001A9811 /* Build configuration list for PBXProject "HinoMonkey" */ = {
			isa = XCConfigurationList;
			buildConfigurations = (
				6EA974DC1B052D69001A9811 /* Debug */,
				6EA974DD1B052D69001A9811 /* Release */,
			);
			defaultConfigurationIsVisible = 0;
			defaultConfigurationName = Release;
		};
		6EA974DE1B052D69001A9811 /* Build configuration list for PBXNativeTarget "HinoMonkey" */ = {
			isa = XCConfigurationList;
			buildConfigurations = (
				6EA974DF1B052D69001A9811 /* Debug */,
				6EA974E01B052D69001A9811 /* Release */,
			);
			defaultConfigurationIsVisible = 0;
			defaultConfigurationName = Release;
		};
		6EA974E11B052D69001A9811 /* Build configuration list for PBXNativeTarget "HinoMonkeyTests" */ = {
			isa = XCConfigurationList;
			buildConfigurations = (
				6EA974E21B052D69001A9811 /* Debug */,
				6EA974E31B052D69001A9811 /* Release */,
			);
			defaultConfigurationIsVisible = 0;
			defaultConfigurationName = Release;
		};
/* End XCConfigurationList section */
	};
	rootObject = 6EA974B31B052D69001A9811 /* Project object */;
}
